
Microsoft Visual Studio Solution File, Format Version 12.00
# Visual Studio 15
VisualStudioVersion = 15.0.28010.2003
MinimumVisualStudioVersion = 10.0.40219.1
Project("{FAE04EC0-301F-11D3-BF4B-00C04F79EFBC}") = "DataMigration", "DataMigration\DataMigration.csproj", "{D67535FC-C843-46B0-A4DD-DC3F1294314B}"
EndProject
Global
	GlobalSection(SolutionConfigurationPlatforms) = preSolution
		Debug|Any CPU = Debug|Any CPU
		Release|Any CPU = Release|Any CPU
	EndGlobalSection
	GlobalSection(ProjectConfigurationPlatforms) = postSolution
		{D67535FC-C843-46B0-A4DD-DC3F1294314B}.Debug|Any CPU.ActiveCfg = Debug|Any CPU
		{D67535FC-C843-46B0-A4DD-DC3F1294314B}.Debug|Any CPU.Build.0 = Debug|Any CPU
		{D67535FC-C843-46B0-A4DD-DC3F1294314B}.Release|Any CPU.ActiveCfg = Release|Any CPU
		{D67535FC-C843-46B0-A4DD-DC3F1294314B}.Release|Any CPU.Build.0 = Release|Any CPU
	EndGlobalSection
	GlobalSection(SolutionProperties) = preSolution
		HideSolutionNode = FALSE
	EndGlobalSection
	GlobalSection(ExtensibilityGlobals) = postSolution
		SolutionGuid = {3F260532-E843-46D9-870B-B5411E681AE4}
	EndGlobalSection
EndGlobal
